# THIS IS AN AUTOGENERATED FILE. DO NOT EDIT THIS FILE DIRECTLY.
# yarn lockfile v1


"@types/bun@latest":
  version "1.2.4"
  resolved "https://registry.yarnpkg.com/@types/bun/-/bun-1.2.4.tgz#500d508d6c7c036adf627d64a1bc4a2ac3e91489"
  dependencies:
    bun-types "1.2.4"

"@types/node@*":
  version "22.13.10"
  resolved "https://registry.yarnpkg.com/@types/node/-/node-22.13.10.tgz#df9ea358c5ed991266becc3109dc2dc9125d77e4"
  dependencies:
    undici-types "~6.20.0"

"@types/ws@~8.5.10":
  version "8.5.14"
  resolved "https://registry.yarnpkg.com/@types/ws/-/ws-8.5.14.tgz#93d44b268c9127d96026cf44353725dd9b6c3c21"
  dependencies:
    "@types/node" "*"

bun-types@1.2.4:
  version "1.2.4"
  resolved "https://registry.yarnpkg.com/bun-types/-/bun-types-1.2.4.tgz#8cfd807e6b69f577351075a5068687d6bcf767b9"
  dependencies:
    "@types/node" "*"
    "@types/ws" "~8.5.10"

hono@^4.7.4:
  version "4.7.4"
  resolved "https://registry.yarnpkg.com/hono/-/hono-4.7.4.tgz#27294b29792242486ed83de3e9fc25c46768c372"

undici-types@~6.20.0:
  version "6.20.0"
  resolved "https://registry.yarnpkg.com/undici-types/-/undici-types-6.20.0.tgz#8171bf22c1f588d1554d55bf204bc624af388433"
